
Microsoft Visual Studio Solution File, Format Version 9.00
# Visual C++ Express 2005
Project("{8BC9CEB8-8B4A-11D0-8D11-00A0C91BC942}") = "ogg_dynamic", "ogg_dynamic.vcproj", "{B9160BEA-41E0-4990-94CF-594EC0A74907}"
EndProject
Project("{8BC9CEB8-8B4A-11D0-8D11-00A0C91BC942}") = "ogg_static", "ogg_static.vcproj", "{BEF52FE4-88B1-4E0D-8361-AE8D23450BD1}"
EndProject
Global
	GlobalSection(SolutionConfigurationPlatforms) = preSolution
		Debug|Win32 = Debug|Win32
		Release|Win32 = Release|Win32
	EndGlobalSection
	GlobalSection(ProjectConfigurationPlatforms) = postSolution
		{B9160BEA-41E0-4990-94CF-594EC0A74907}.Debug|Win32.ActiveCfg = Debug|Win32
		{B9160BEA-41E0-4990-94CF-594EC0A74907}.Debug|Win32.Build.0 = Debug|Win32
		{B9160BEA-41E0-4990-94CF-594EC0A74907}.Release|Win32.ActiveCfg = Release|Win32
		{B9160BEA-41E0-4990-94CF-594EC0A74907}.Release|Win32.Build.0 = Release|Win32
		{BEF52FE4-88B1-4E0D-8361-AE8D23450BD1}.Debug|Win32.ActiveCfg = Debug|Win32
		{BEF52FE4-88B1-4E0D-8361-AE8D23450BD1}.Debug|Win32.Build.0 = Debug|Win32
		{BEF52FE4-88B1-4E0D-8361-AE8D23450BD1}.Release|Win32.ActiveCfg = Release|Win32
		{BEF52FE4-88B1-4E0D-8361-AE8D23450BD1}.Release|Win32.Build.0 = Release|Win32
	EndGlobalSection
	GlobalSection(SolutionProperties) = preSolution
		HideSolutionNode = FALSE
	EndGlobalSection
EndGlobal
